schema: '2.0'
stages:
  mystage:
    cmd: python train.py
    deps:
    - path: data
      md5: c5a2bbc6820f83da3788d7dceb32c42d.dir
      size: 53504810
      nfiles: 4
    - path: train.py
      md5: a4808ca0dd4e3bf343c11921bad4b2a4
      size: 893
    outs:
    - path: loss.csv
      md5: fafa5936bf7771914b2667d084efb8e8
      size: 528
    - path: metrics.json
      md5: c6ee1fb2fe0e5adfb6d4b4d7d07c3e6a
      size: 83
